
Microsoft Visual Studio Solution File, Format Version 12.00
# Visual Studio Version 17
VisualStudioVersion = 17.9.34902.65
MinimumVisualStudioVersion = 10.0.40219.1
Project("{FAE04EC0-301F-11D3-BF4B-00C04F79EFBC}") = "NumberToPersianWords", "NumberToPersianWords\NumberToPersianWords.csproj", "{2DB41B43-4130-49B6-BCC2-256865D10576}"
EndProject
Global
	GlobalSection(SolutionConfigurationPlatforms) = preSolution
		Debug|Any CPU = Debug|Any CPU
		Release|Any CPU = Release|Any CPU
	EndGlobalSection
	GlobalSection(ProjectConfigurationPlatforms) = postSolution
		{2DB41B43-4130-49B6-BCC2-256865D10576}.Debug|Any CPU.ActiveCfg = Debug|Any CPU
		{2DB41B43-4130-49B6-BCC2-256865D10576}.Debug|Any CPU.Build.0 = Debug|Any CPU
		{2DB41B43-4130-49B6-BCC2-256865D10576}.Release|Any CPU.ActiveCfg = Release|Any CPU
		{2DB41B43-4130-49B6-BCC2-256865D10576}.Release|Any CPU.Build.0 = Release|Any CPU
	EndGlobalSection
	GlobalSection(SolutionProperties) = preSolution
		HideSolutionNode = FALSE
	EndGlobalSection
	GlobalSection(ExtensibilityGlobals) = postSolution
		SolutionGuid = {0E072F58-356B-45C8-A88E-50EFA1A2DE3D}
	EndGlobalSection
EndGlobal
